// !$*UTF8*$!
{
	archiveVersion = 1;
	classes = {
	};
	objectVersion = 50;
	objects = {

/* Begin PBXBuildFile section */
		C13EA5FE243B7C3F0008E120 /* EncodingModule.swift in Sources */ = {isa = PBXBuildFile; fileRef = C13EA5FD243B7C3F0008E120 /* EncodingModule.swift */; };
		C1735185244328CF003F5C97 /* TargetEncodingPopUpButton.swift in Sources */ = {isa = PBXBuildFile; fileRef = C1735184244328CF003F5C97 /* TargetEncodingPopUpButton.swift */; };
		C1BD97C02434F77A00DA0708 /* AppDelegate.swift in Sources */ = {isa = PBXBuildFile; fileRef = C1BD97BF2434F77A00DA0708 /* AppDelegate.swift */; };
		C1BD97C42434F77C00DA0708 /* Assets.xcassets in Resources */ = {isa = PBXBuildFile; fileRef = C1BD97C32434F77C00DA0708 /* Assets.xcassets */; };
		C1BD97C72434F77C00DA0708 /* Main.storyboard in Resources */ = {isa = PBXBuildFile; fileRef = C1BD97C52434F77C00DA0708 /* Main.storyboard */; };
		C1BD97D12434FC3700DA0708 /* MainViewController.swift in Sources */ = {isa = PBXBuildFile; fileRef = C1BD97CF2434FC3700DA0708 /* MainViewController.swift */; };
		C1BD97D22434FC3700DA0708 /* MainViewController.xib in Resources */ = {isa = PBXBuildFile; fileRef = C1BD97D02434FC3700DA0708 /* MainViewController.xib */; };
		C1BD97D4243511C800DA0708 /* FileLoader.swift in Sources */ = {isa = PBXBuildFile; fileRef = C1BD97D3243511C800DA0708 /* FileLoader.swift */; };
		C1BD97D6243512BA00DA0708 /* FileMetadata.swift in Sources */ = {isa = PBXBuildFile; fileRef = C1BD97D5243512BA00DA0708 /* FileMetadata.swift */; };
/* End PBXBuildFile section */

/* Begin PBXFileReference section */
		C13EA5FD243B7C3F0008E120 /* EncodingModule.swift */ = {isa = PBXFileReference; lastKnownFileType = sourcecode.swift; path = EncodingModule.swift; sourceTree = "<group>"; };
		C1735184244328CF003F5C97 /* TargetEncodingPopUpButton.swift */ = {isa = PBXFileReference; lastKnownFileType = sourcecode.swift; path = TargetEncodingPopUpButton.swift; sourceTree = "<group>"; };
		C1BD97BC2434F77A00DA0708 /* EncodingConverter.app */ = {isa = PBXFileReference; explicitFileType = wrapper.application; includeInIndex = 0; path = EncodingConverter.app; sourceTree = BUILT_PRODUCTS_DIR; };
		C1BD97BF2434F77A00DA0708 /* AppDelegate.swift */ = {isa = PBXFileReference; lastKnownFileType = sourcecode.swift; path = AppDelegate.swift; sourceTree = "<group>"; };
		C1BD97C32434F77C00DA0708 /* Assets.xcassets */ = {isa = PBXFileReference; lastKnownFileType = folder.assetcatalog; path = Assets.xcassets; sourceTree = "<group>"; };
		C1BD97C62434F77C00DA0708 /* Base */ = {isa = PBXFileReference; lastKnownFileType = file.storyboard; name = Base; path = Base.lproj/Main.storyboard; sourceTree = "<group>"; };
		C1BD97C82434F77C00DA0708 /* Info.plist */ = {isa = PBXFileReference; lastKnownFileType = text.plist.xml; path = Info.plist; sourceTree = "<group>"; };
		C1BD97C92434F77C00DA0708 /* EncodingConverter.entitlements */ = {isa = PBXFileReference; lastKnownFileType = text.plist.entitlements; path = EncodingConverter.entitlements; sourceTree = "<group>"; };
		C1BD97CF2434FC3700DA0708 /* MainViewController.swift */ = {isa = PBXFileReference; lastKnownFileType = sourcecode.swift; path = MainViewController.swift; sourceTree = "<group>"; };
		C1BD97D02434FC3700DA0708 /* MainViewController.xib */ = {isa = PBXFileReference; lastKnownFileType = file.xib; path = MainViewController.xib; sourceTree = "<group>"; };
		C1BD97D3243511C800DA0708 /* FileLoader.swift */ = {isa = PBXFileReference; lastKnownFileType = sourcecode.swift; path = FileLoader.swift; sourceTree = "<group>"; };
		C1BD97D5243512BA00DA0708 /* FileMetadata.swift */ = {isa = PBXFileReference; lastKnownFileType = sourcecode.swift; path = FileMetadata.swift; sourceTree = "<group>"; };
/* End PBXFileReference section */

/* Begin PBXFrameworksBuildPhase section */
		C1BD97B92434F77A00DA0708 /* Frameworks */ = {
			isa = PBXFrameworksBuildPhase;
			buildActionMask = 2147483647;
			files = (
			);
			runOnlyForDeploymentPostprocessing = 0;
		};
/* End PBXFrameworksBuildPhase section */

/* Begin PBXGroup section */
		C1BD97B32434F77A00DA0708 = {
			isa = PBXGroup;
			children = (
				C1BD97BE2434F77A00DA0708 /* EncodingConverter */,
				C1BD97BD2434F77A00DA0708 /* Products */,
			);
			sourceTree = "<group>";
		};
		C1BD97BD2434F77A00DA0708 /* Products */ = {
			isa = PBXGroup;
			children = (
				C1BD97BC2434F77A00DA0708 /* EncodingConverter.app */,
			);
			name = Products;
			sourceTree = "<group>";
		};
		C1BD97BE2434F77A00DA0708 /* EncodingConverter */ = {
			isa = PBXGroup;
			children = (
				C1BD97BF2434F77A00DA0708 /* AppDelegate.swift */,
				C1BD97C32434F77C00DA0708 /* Assets.xcassets */,
				C1BD97C52434F77C00DA0708 /* Main.storyboard */,
				C1BD97C82434F77C00DA0708 /* Info.plist */,
				C1BD97C92434F77C00DA0708 /* EncodingConverter.entitlements */,
				C1BD97CF2434FC3700DA0708 /* MainViewController.swift */,
				C1BD97D02434FC3700DA0708 /* MainViewController.xib */,
				C1BD97D3243511C800DA0708 /* FileLoader.swift */,
				C1BD97D5243512BA00DA0708 /* FileMetadata.swift */,
				C13EA5FD243B7C3F0008E120 /* EncodingModule.swift */,
				C1735184244328CF003F5C97 /* TargetEncodingPopUpButton.swift */,
			);
			path = EncodingConverter;
			sourceTree = "<group>";
		};
/* End PBXGroup section */

/* Begin PBXNativeTarget section */
		C1BD97BB2434F77A00DA0708 /* EncodingConverter */ = {
			isa = PBXNativeTarget;
			buildConfigurationList = C1BD97CC2434F77C00DA0708 /* Build configuration list for PBXNativeTarget "EncodingConverter" */;
			buildPhases = (
				C1BD97B82434F77A00DA0708 /* Sources */,
				C1BD97B92434F77A00DA0708 /* Frameworks */,
				C1BD97BA2434F77A00DA0708 /* Resources */,
			);
			buildRules = (
			);
			dependencies = (
			);
			name = EncodingConverter;
			productName = EncodingConverter;
			productReference = C1BD97BC2434F77A00DA0708 /* EncodingConverter.app */;
			productType = "com.apple.product-type.application";
		};
/* End PBXNativeTarget section */

/* Begin PBXProject section */
		C1BD97B42434F77A00DA0708 /* Project object */ = {
			isa = PBXProject;
			attributes = {
				LastSwiftUpdateCheck = 1140;
				LastUpgradeCheck = 1140;
				ORGANIZATIONNAME = "Семён Ишханян";
				TargetAttributes = {
					C1BD97BB2434F77A00DA0708 = {
						CreatedOnToolsVersion = 11.4;
					};
				};
			};
			buildConfigurationList = C1BD97B72434F77A00DA0708 /* Build configuration list for PBXProject "EncodingConverter" */;
			compatibilityVersion = "Xcode 9.3";
			developmentRegion = en;
			hasScannedForEncodings = 0;
			knownRegions = (
				en,
				Base,
			);
			mainGroup = C1BD97B32434F77A00DA0708;
			productRefGroup = C1BD97BD2434F77A00DA0708 /* Products */;
			projectDirPath = "";
			projectRoot = "";
			targets = (
				C1BD97BB2434F77A00DA0708 /* EncodingConverter */,
			);
		};
/* End PBXProject section */

/* Begin PBXResourcesBuildPhase section */
		C1BD97BA2434F77A00DA0708 /* Resources */ = {
			isa = PBXResourcesBuildPhase;
			buildActionMask = 2147483647;
			files = (
				C1BD97C42434F77C00DA0708 /* Assets.xcassets in Resources */,
				C1BD97D22434FC3700DA0708 /* MainViewController.xib in Resources */,
				C1BD97C72434F77C00DA0708 /* Main.storyboard in Resources */,
			);
			runOnlyForDeploymentPostprocessing = 0;
		};
/* End PBXResourcesBuildPhase section */

/* Begin PBXSourcesBuildPhase section */
		C1BD97B82434F77A00DA0708 /* Sources */ = {
			isa = PBXSourcesBuildPhase;
			buildActionMask = 2147483647;
			files = (
				C1BD97D4243511C800DA0708 /* FileLoader.swift in Sources */,
				C1BD97C02434F77A00DA0708 /* AppDelegate.swift in Sources */,
				C1735185244328CF003F5C97 /* TargetEncodingPopUpButton.swift in Sources */,
				C1BD97D6243512BA00DA0708 /* FileMetadata.swift in Sources */,
				C13EA5FE243B7C3F0008E120 /* EncodingModule.swift in Sources */,
				C1BD97D12434FC3700DA0708 /* MainViewController.swift in Sources */,
			);
			runOnlyForDeploymentPostprocessing = 0;
		};
/* End PBXSourcesBuildPhase section */

/* Begin PBXVariantGroup section */
		C1BD97C52434F77C00DA0708 /* Main.storyboard */ = {
			isa = PBXVariantGroup;
			children = (
				C1BD97C62434F77C00DA0708 /* Base */,
			);
			name = Main.storyboard;
			sourceTree = "<group>";
		};
/* End PBXVariantGroup section */

/* Begin XCBuildConfiguration section */
		C1BD97CA2434F77C00DA0708 /* Debug */ = {
			isa = XCBuildConfiguration;
			buildSettings = {
				ALWAYS_SEARCH_USER_PATHS = NO;
				CLANG_ANALYZER_NONNULL = YES;
				CLANG_ANALYZER_NUMBER_OBJECT_CONVERSION = YES_AGGRESSIVE;
				CLANG_CXX_LANGUAGE_STANDARD = "gnu++14";
				CLANG_CXX_LIBRARY = "libc++";
				CLANG_ENABLE_MODULES = YES;
				CLANG_ENABLE_OBJC_ARC = YES;
				CLANG_ENABLE_OBJC_WEAK = YES;
				CLANG_WARN_BLOCK_CAPTURE_AUTORELEASING = YES;
				CLANG_WARN_BOOL_CONVERSION = YES;
				CLANG_WARN_COMMA = YES;
				CLANG_WARN_CONSTANT_CONVERSION = YES;
				CLANG_WARN_DEPRECATED_OBJC_IMPLEMENTATIONS = YES;
				CLANG_WARN_DIRECT_OBJC_ISA_USAGE = YES_ERROR;
				CLANG_WARN_DOCUMENTATION_COMMENTS = YES;
				CLANG_WARN_EMPTY_BODY = YES;
				CLANG_WARN_ENUM_CONVERSION = YES;
				CLANG_WARN_INFINITE_RECURSION = YES;
				CLANG_WARN_INT_CONVERSION = YES;
				CLANG_WARN_NON_LITERAL_NULL_CONVERSION = YES;
				CLANG_WARN_OBJC_IMPLICIT_RETAIN_SELF = YES;
				CLANG_WARN_OBJC_LITERAL_CONVERSION = YES;
				CLANG_WARN_OBJC_ROOT_CLASS = YES_ERROR;
				CLANG_WARN_RANGE_LOOP_ANALYSIS = YES;
				CLANG_WARN_STRICT_PROTOTYPES = YES;
				CLANG_WARN_SUSPICIOUS_MOVE = YES;
				CLANG_WARN_UNGUARDED_AVAILABILITY = YES_AGGRESSIVE;
				CLANG_WARN_UNREACHABLE_CODE = YES;
				CLANG_WARN__DUPLICATE_METHOD_MATCH = YES;
				COPY_PHASE_STRIP = NO;
				DEBUG_INFORMATION_FORMAT = dwarf;
				ENABLE_STRICT_OBJC_MSGSEND = YES;
				ENABLE_TESTABILITY = YES;
				GCC_C_LANGUAGE_STANDARD = gnu11;
				GCC_DYNAMIC_NO_PIC = NO;
				GCC_NO_COMMON_BLOCKS = YES;
				GCC_OPTIMIZATION_LEVEL = 0;
				GCC_PREPROCESSOR_DEFINITIONS = (
					"DEBUG=1",
					"$(inherited)",
				);
				GCC_WARN_64_TO_32_BIT_CONVERSION = YES;
				GCC_WARN_ABOUT_RETURN_TYPE = YES_ERROR;
				GCC_WARN_UNDECLARED_SELECTOR = YES;
				GCC_WARN_UNINITIALIZED_AUTOS = YES_AGGRESSIVE;
				GCC_WARN_UNUSED_FUNCTION = YES;
				GCC_WARN_UNUSED_VARIABLE = YES;
				MACOSX_DEPLOYMENT_TARGET = 10.15;
				MTL_ENABLE_DEBUG_INFO = INCLUDE_SOURCE;
				MTL_FAST_MATH = YES;
				ONLY_ACTIVE_ARCH = YES;
				SDKROOT = macosx;
				SWIFT_ACTIVE_COMPILATION_CONDITIONS = DEBUG;
				SWIFT_OPTIMIZATION_LEVEL = "-Onone";
			};
			name = Debug;
		};
		C1BD97CB2434F77C00DA0708 /* Release */ = {
			isa = XCBuildConfiguration;
			buildSettings = {
				ALWAYS_SEARCH_USER_PATHS = NO;
				CLANG_ANALYZER_NONNULL = YES;
				CLANG_ANALYZER_NUMBER_OBJECT_CONVERSION = YES_AGGRESSIVE;
				CLANG_CXX_LANGUAGE_STANDARD = "gnu++14";
				CLANG_CXX_LIBRARY = "libc++";
				CLANG_ENABLE_MODULES = YES;
				CLANG_ENABLE_OBJC_ARC = YES;
				CLANG_ENABLE_OBJC_WEAK = YES;
				CLANG_WARN_BLOCK_CAPTURE_AUTORELEASING = YES;
				CLANG_WARN_BOOL_CONVERSION = YES;
				CLANG_WARN_COMMA = YES;
				CLANG_WARN_CONSTANT_CONVERSION = YES;
				CLANG_WARN_DEPRECATED_OBJC_IMPLEMENTATIONS = YES;
				CLANG_WARN_DIRECT_OBJC_ISA_USAGE = YES_ERROR;
				CLANG_WARN_DOCUMENTATION_COMMENTS = YES;
				CLANG_WARN_EMPTY_BODY = YES;
				CLANG_WARN_ENUM_CONVERSION = YES;
				CLANG_WARN_INFINITE_RECURSION = YES;
				CLANG_WARN_INT_CONVERSION = YES;
				CLANG_WARN_NON_LITERAL_NULL_CONVERSION = YES;
				CLANG_WARN_OBJC_IMPLICIT_RETAIN_SELF = YES;
				CLANG_WARN_OBJC_LITERAL_CONVERSION = YES;
				CLANG_WARN_OBJC_ROOT_CLASS = YES_ERROR;
				CLANG_WARN_RANGE_LOOP_ANALYSIS = YES;
				CLANG_WARN_STRICT_PROTOTYPES = YES;
				CLANG_WARN_SUSPICIOUS_MOVE = YES;
				CLANG_WARN_UNGUARDED_AVAILABILITY = YES_AGGRESSIVE;
				CLANG_WARN_UNREACHABLE_CODE = YES;
				CLANG_WARN__DUPLICATE_METHOD_MATCH = YES;
				COPY_PHASE_STRIP = NO;
				DEBUG_INFORMATION_FORMAT = "dwarf-with-dsym";
				ENABLE_NS_ASSERTIONS = NO;
				ENABLE_STRICT_OBJC_MSGSEND = YES;
				GCC_C_LANGUAGE_STANDARD = gnu11;
				GCC_NO_COMMON_BLOCKS = YES;
				GCC_WARN_64_TO_32_BIT_CONVERSION = YES;
				GCC_WARN_ABOUT_RETURN_TYPE = YES_ERROR;
				GCC_WARN_UNDECLARED_SELECTOR = YES;
				GCC_WARN_UNINITIALIZED_AUTOS = YES_AGGRESSIVE;
				GCC_WARN_UNUSED_FUNCTION = YES;
				GCC_WARN_UNUSED_VARIABLE = YES;
				MACOSX_DEPLOYMENT_TARGET = 10.15;
				MTL_ENABLE_DEBUG_INFO = NO;
				MTL_FAST_MATH = YES;
				SDKROOT = macosx;
				SWIFT_COMPILATION_MODE = wholemodule;
				SWIFT_OPTIMIZATION_LEVEL = "-O";
			};
			name = Release;
		};
		C1BD97CD2434F77C00DA0708 /* Debug */ = {
			isa = XCBuildConfiguration;
			buildSettings = {
				ASSETCATALOG_COMPILER_APPICON_NAME = AppIcon;
				CODE_SIGN_ENTITLEMENTS = EncodingConverter/EncodingConverter.entitlements;
				CODE_SIGN_STYLE = Automatic;
				COMBINE_HIDPI_IMAGES = YES;
				DEVELOPMENT_TEAM = 8VW3NBHS54;
				ENABLE_HARDENED_RUNTIME = YES;
				INFOPLIST_FILE = EncodingConverter/Info.plist;
				LD_RUNPATH_SEARCH_PATHS = (
					"$(inherited)",
					"@executable_path/../Frameworks",
				);
				PRODUCT_BUNDLE_IDENTIFIER = semyonish.EncodingConverter;
				PRODUCT_NAME = "$(TARGET_NAME)";
				SWIFT_VERSION = 5.0;
			};
			name = Debug;
		};
		C1BD97CE2434F77C00DA0708 /* Release */ = {
			isa = XCBuildConfiguration;
			buildSettings = {
				ASSETCATALOG_COMPILER_APPICON_NAME = AppIcon;
				CODE_SIGN_ENTITLEMENTS = EncodingConverter/EncodingConverter.entitlements;
				CODE_SIGN_STYLE = Automatic;
				COMBINE_HIDPI_IMAGES = YES;
				DEVELOPMENT_TEAM = 8VW3NBHS54;
				ENABLE_HARDENED_RUNTIME = YES;
				INFOPLIST_FILE = EncodingConverter/Info.plist;
				LD_RUNPATH_SEARCH_PATHS = (
					"$(inherited)",
					"@executable_path/../Frameworks",
				);
				PRODUCT_BUNDLE_IDENTIFIER = semyonish.EncodingConverter;
				PRODUCT_NAME = "$(TARGET_NAME)";
				SWIFT_VERSION = 5.0;
			};
			name = Release;
		};
/* End XCBuildConfiguration section */

/* Begin XCConfigurationList section */
		C1BD97B72434F77A00DA0708 /* Build configuration list for PBXProject "EncodingConverter" */ = {
			isa = XCConfigurationList;
			buildConfigurations = (
				C1BD97CA2434F77C00DA0708 /* Debug */,
				C1BD97CB2434F77C00DA0708 /* Release */,
			);
			defaultConfigurationIsVisible = 0;
			defaultConfigurationName = Release;
		};
		C1BD97CC2434F77C00DA0708 /* Build configuration list for PBXNativeTarget "EncodingConverter" */ = {
			isa = XCConfigurationList;
			buildConfigurations = (
				C1BD97CD2434F77C00DA0708 /* Debug */,
				C1BD97CE2434F77C00DA0708 /* Release */,
			);
			defaultConfigurationIsVisible = 0;
			defaultConfigurationName = Release;
		};
/* End XCConfigurationList section */
	};
	rootObject = C1BD97B42434F77A00DA0708 /* Project object */;
}
